{
  "name": "danverse-studio-k2",
  "version": "1.0.0",
  "lockfileVersion": 2,
  "requires": true,
  "packages": {
    "": {
      "name": "danverse-studio-k2",
      "version": "1.0.0",
      "dependencies": {}
    }
    // سيتم تحديث هذا الملف تلقائيًا بواسطة npm install لاحقًا عند وجود جميع الـ dependencies الفعلية
  }
}